
Microsoft Visual Studio Solution File, Format Version 12.00
# Visual Studio 15
Project("{FAE04EC0-301F-11D3-BF4B-00C04F79EFBC}") = "Mirror.Examples", "Mirror.Examples.csproj", "{177496A9-49AB-3C56-F557-DC792589BC8E}"
EndProject
Project("{FAE04EC0-301F-11D3-BF4B-00C04F79EFBC}") = "Mirror", "Mirror.csproj", "{7362858F-F95F-F296-714E-26DDCAEDB6C9}"
EndProject
Project("{FAE04EC0-301F-11D3-BF4B-00C04F79EFBC}") = "Edgegap", "Edgegap.csproj", "{992A050F-5FF3-628B-7CD6-8855CBDE1385}"
EndProject
Project("{FAE04EC0-301F-11D3-BF4B-00C04F79EFBC}") = "Mirror.Transports", "Mirror.Transports.csproj", "{35B87212-4F53-78DC-62BF-F39C8CB350B8}"
EndProject
Project("{FAE04EC0-301F-11D3-BF4B-00C04F79EFBC}") = "Mirror.Components", "Mirror.Components.csproj", "{7B54A027-C348-A87E-5AF1-111EB4B8E956}"
EndProject
Project("{FAE04EC0-301F-11D3-BF4B-00C04F79EFBC}") = "Unity.Mirror.CodeGen", "Unity.Mirror.CodeGen.csproj", "{7B1C4E57-4A8C-96DC-9A6D-C2B47F68B6D2}"
EndProject
Project("{FAE04EC0-301F-11D3-BF4B-00C04F79EFBC}") = "Mirror.Editor", "Mirror.Editor.csproj", "{7D37B2E8-426C-3892-4FA3-0DDEA7235EF2}"
EndProject
Project("{FAE04EC0-301F-11D3-BF4B-00C04F79EFBC}") = "SimpleWebTransport", "SimpleWebTransport.csproj", "{EFF7306F-DB0B-464E-CD10-F2D3867E0FD3}"
EndProject
Project("{FAE04EC0-301F-11D3-BF4B-00C04F79EFBC}") = "Telepathy", "Telepathy.csproj", "{97B4E4DA-4D08-FD50-00C2-6F3DA8A30A95}"
EndProject
Project("{FAE04EC0-301F-11D3-BF4B-00C04F79EFBC}") = "kcp2k", "kcp2k.csproj", "{C0A24CDE-CA0B-C1CF-381F-C3D96117FCA2}"
EndProject
Project("{FAE04EC0-301F-11D3-BF4B-00C04F79EFBC}") = "Mirror.Authenticators", "Mirror.Authenticators.csproj", "{0B136DA9-7F1D-FC65-BB77-65080E47F1D0}"
EndProject
Project("{FAE04EC0-301F-11D3-BF4B-00C04F79EFBC}") = "Assembly-CSharp", "Assembly-CSharp.csproj", "{C2C9CC05-8B35-0AFF-39B1-24A4F2E68F31}"
EndProject
Project("{FAE04EC0-301F-11D3-BF4B-00C04F79EFBC}") = "EncryptionTransportEditor", "EncryptionTransportEditor.csproj", "{C6754DD7-97B4-D798-225B-BD5D284BB8DD}"
EndProject
Project("{FAE04EC0-301F-11D3-BF4B-00C04F79EFBC}") = "Mirror.CompilerSymbols", "Mirror.CompilerSymbols.csproj", "{DA76856B-17AE-E346-C56F-7C7555A63D60}"
EndProject
Global
	GlobalSection(SolutionConfigurationPlatforms) = preSolution
		Debug|Any CPU = Debug|Any CPU
		Release|Any CPU = Release|Any CPU
	EndGlobalSection
	GlobalSection(ProjectConfigurationPlatforms) = postSolution
		{177496A9-49AB-3C56-F557-DC792589BC8E}.Debug|Any CPU.ActiveCfg = Debug|Any CPU
		{177496A9-49AB-3C56-F557-DC792589BC8E}.Debug|Any CPU.Build.0 = Debug|Any CPU
		{177496A9-49AB-3C56-F557-DC792589BC8E}.Release|Any CPU.ActiveCfg = Release|Any CPU
		{177496A9-49AB-3C56-F557-DC792589BC8E}.Release|Any CPU.Build.0 = Release|Any CPU
		{7362858F-F95F-F296-714E-26DDCAEDB6C9}.Debug|Any CPU.ActiveCfg = Debug|Any CPU
		{7362858F-F95F-F296-714E-26DDCAEDB6C9}.Debug|Any CPU.Build.0 = Debug|Any CPU
		{7362858F-F95F-F296-714E-26DDCAEDB6C9}.Release|Any CPU.ActiveCfg = Release|Any CPU
		{7362858F-F95F-F296-714E-26DDCAEDB6C9}.Release|Any CPU.Build.0 = Release|Any CPU
		{992A050F-5FF3-628B-7CD6-8855CBDE1385}.Debug|Any CPU.ActiveCfg = Debug|Any CPU
		{992A050F-5FF3-628B-7CD6-8855CBDE1385}.Debug|Any CPU.Build.0 = Debug|Any CPU
		{992A050F-5FF3-628B-7CD6-8855CBDE1385}.Release|Any CPU.ActiveCfg = Release|Any CPU
		{992A050F-5FF3-628B-7CD6-8855CBDE1385}.Release|Any CPU.Build.0 = Release|Any CPU
		{35B87212-4F53-78DC-62BF-F39C8CB350B8}.Debug|Any CPU.ActiveCfg = Debug|Any CPU
		{35B87212-4F53-78DC-62BF-F39C8CB350B8}.Debug|Any CPU.Build.0 = Debug|Any CPU
		{35B87212-4F53-78DC-62BF-F39C8CB350B8}.Release|Any CPU.ActiveCfg = Release|Any CPU
		{35B87212-4F53-78DC-62BF-F39C8CB350B8}.Release|Any CPU.Build.0 = Release|Any CPU
		{7B54A027-C348-A87E-5AF1-111EB4B8E956}.Debug|Any CPU.ActiveCfg = Debug|Any CPU
		{7B54A027-C348-A87E-5AF1-111EB4B8E956}.Debug|Any CPU.Build.0 = Debug|Any CPU
		{7B54A027-C348-A87E-5AF1-111EB4B8E956}.Release|Any CPU.ActiveCfg = Release|Any CPU
		{7B54A027-C348-A87E-5AF1-111EB4B8E956}.Release|Any CPU.Build.0 = Release|Any CPU
		{7B1C4E57-4A8C-96DC-9A6D-C2B47F68B6D2}.Debug|Any CPU.ActiveCfg = Debug|Any CPU
		{7B1C4E57-4A8C-96DC-9A6D-C2B47F68B6D2}.Debug|Any CPU.Build.0 = Debug|Any CPU
		{7B1C4E57-4A8C-96DC-9A6D-C2B47F68B6D2}.Release|Any CPU.ActiveCfg = Release|Any CPU
		{7B1C4E57-4A8C-96DC-9A6D-C2B47F68B6D2}.Release|Any CPU.Build.0 = Release|Any CPU
		{7D37B2E8-426C-3892-4FA3-0DDEA7235EF2}.Debug|Any CPU.ActiveCfg = Debug|Any CPU
		{7D37B2E8-426C-3892-4FA3-0DDEA7235EF2}.Debug|Any CPU.Build.0 = Debug|Any CPU
		{7D37B2E8-426C-3892-4FA3-0DDEA7235EF2}.Release|Any CPU.ActiveCfg = Release|Any CPU
		{7D37B2E8-426C-3892-4FA3-0DDEA7235EF2}.Release|Any CPU.Build.0 = Release|Any CPU
		{EFF7306F-DB0B-464E-CD10-F2D3867E0FD3}.Debug|Any CPU.ActiveCfg = Debug|Any CPU
		{EFF7306F-DB0B-464E-CD10-F2D3867E0FD3}.Debug|Any CPU.Build.0 = Debug|Any CPU
		{EFF7306F-DB0B-464E-CD10-F2D3867E0FD3}.Release|Any CPU.ActiveCfg = Release|Any CPU
		{EFF7306F-DB0B-464E-CD10-F2D3867E0FD3}.Release|Any CPU.Build.0 = Release|Any CPU
		{97B4E4DA-4D08-FD50-00C2-6F3DA8A30A95}.Debug|Any CPU.ActiveCfg = Debug|Any CPU
		{97B4E4DA-4D08-FD50-00C2-6F3DA8A30A95}.Debug|Any CPU.Build.0 = Debug|Any CPU
		{97B4E4DA-4D08-FD50-00C2-6F3DA8A30A95}.Release|Any CPU.ActiveCfg = Release|Any CPU
		{97B4E4DA-4D08-FD50-00C2-6F3DA8A30A95}.Release|Any CPU.Build.0 = Release|Any CPU
		{C0A24CDE-CA0B-C1CF-381F-C3D96117FCA2}.Debug|Any CPU.ActiveCfg = Debug|Any CPU
		{C0A24CDE-CA0B-C1CF-381F-C3D96117FCA2}.Debug|Any CPU.Build.0 = Debug|Any CPU
		{C0A24CDE-CA0B-C1CF-381F-C3D96117FCA2}.Release|Any CPU.ActiveCfg = Release|Any CPU
		{C0A24CDE-CA0B-C1CF-381F-C3D96117FCA2}.Release|Any CPU.Build.0 = Release|Any CPU
		{0B136DA9-7F1D-FC65-BB77-65080E47F1D0}.Debug|Any CPU.ActiveCfg = Debug|Any CPU
		{0B136DA9-7F1D-FC65-BB77-65080E47F1D0}.Debug|Any CPU.Build.0 = Debug|Any CPU
		{0B136DA9-7F1D-FC65-BB77-65080E47F1D0}.Release|Any CPU.ActiveCfg = Release|Any CPU
		{0B136DA9-7F1D-FC65-BB77-65080E47F1D0}.Release|Any CPU.Build.0 = Release|Any CPU
		{C2C9CC05-8B35-0AFF-39B1-24A4F2E68F31}.Debug|Any CPU.ActiveCfg = Debug|Any CPU
		{C2C9CC05-8B35-0AFF-39B1-24A4F2E68F31}.Debug|Any CPU.Build.0 = Debug|Any CPU
		{C2C9CC05-8B35-0AFF-39B1-24A4F2E68F31}.Release|Any CPU.ActiveCfg = Release|Any CPU
		{C2C9CC05-8B35-0AFF-39B1-24A4F2E68F31}.Release|Any CPU.Build.0 = Release|Any CPU
		{C6754DD7-97B4-D798-225B-BD5D284BB8DD}.Debug|Any CPU.ActiveCfg = Debug|Any CPU
		{C6754DD7-97B4-D798-225B-BD5D284BB8DD}.Debug|Any CPU.Build.0 = Debug|Any CPU
		{C6754DD7-97B4-D798-225B-BD5D284BB8DD}.Release|Any CPU.ActiveCfg = Release|Any CPU
		{C6754DD7-97B4-D798-225B-BD5D284BB8DD}.Release|Any CPU.Build.0 = Release|Any CPU
		{DA76856B-17AE-E346-C56F-7C7555A63D60}.Debug|Any CPU.ActiveCfg = Debug|Any CPU
		{DA76856B-17AE-E346-C56F-7C7555A63D60}.Debug|Any CPU.Build.0 = Debug|Any CPU
		{DA76856B-17AE-E346-C56F-7C7555A63D60}.Release|Any CPU.ActiveCfg = Release|Any CPU
		{DA76856B-17AE-E346-C56F-7C7555A63D60}.Release|Any CPU.Build.0 = Release|Any CPU
	EndGlobalSection
	GlobalSection(SolutionProperties) = preSolution
		HideSolutionNode = FALSE
	EndGlobalSection
EndGlobal
